// !$*UTF8*$!
{
	archiveVersion = 1;
	classes = {
	};
	objectVersion = 56;
	objects = {

/* Begin PBXBuildFile section */
		E20BACE829D1CF550097564A /* AppDelegate.swift in Sources */ = {isa = PBXBuildFile; fileRef = E20BACE729D1CF550097564A /* AppDelegate.swift */; };
		E20BACEA29D1CF550097564A /* SceneDelegate.swift in Sources */ = {isa = PBXBuildFile; fileRef = E20BACE929D1CF550097564A /* SceneDelegate.swift */; };
		E20BACF129D1CF560097564A /* Assets.xcassets in Resources */ = {isa = PBXBuildFile; fileRef = E20BACF029D1CF560097564A /* Assets.xcassets */; };
		E20BACF429D1CF560097564A /* LaunchScreen.storyboard in Resources */ = {isa = PBXBuildFile; fileRef = E20BACF229D1CF560097564A /* LaunchScreen.storyboard */; };
		E21DAC3029DA75C800099B8C /* ProductCollectionViewCellViewModel.swift in Sources */ = {isa = PBXBuildFile; fileRef = E21DAC2F29DA75C800099B8C /* ProductCollectionViewCellViewModel.swift */; };
		E228722529E1B5CB008D22D6 /* Animation.swift in Sources */ = {isa = PBXBuildFile; fileRef = E228722429E1B5CB008D22D6 /* Animation.swift */; };
		E228722A29E1C598008D22D6 /* SkeletonGradientLayer.swift in Sources */ = {isa = PBXBuildFile; fileRef = E228722929E1C598008D22D6 /* SkeletonGradientLayer.swift */; };
		E23FA6ED29D2DB3600FCF557 /* Coordinator.swift in Sources */ = {isa = PBXBuildFile; fileRef = E23FA6EC29D2DB3600FCF557 /* Coordinator.swift */; };
		E23FA6EF29D2DB5900FCF557 /* AppCoordinator.swift in Sources */ = {isa = PBXBuildFile; fileRef = E23FA6EE29D2DB5900FCF557 /* AppCoordinator.swift */; };
		E23FA6F129D2DB7800FCF557 /* TabBarCoordinator.swift in Sources */ = {isa = PBXBuildFile; fileRef = E23FA6F029D2DB7800FCF557 /* TabBarCoordinator.swift */; };
		E23FA6F629D2DCAA00FCF557 /* MainTabbarViewController.swift in Sources */ = {isa = PBXBuildFile; fileRef = E23FA6F529D2DCAA00FCF557 /* MainTabbarViewController.swift */; };
		E23FA6F829D2DCE600FCF557 /* HomeViewController.swift in Sources */ = {isa = PBXBuildFile; fileRef = E23FA6F729D2DCE600FCF557 /* HomeViewController.swift */; };
		E23FA6FA29D2DCF800FCF557 /* SearchViewController.swift in Sources */ = {isa = PBXBuildFile; fileRef = E23FA6F929D2DCF800FCF557 /* SearchViewController.swift */; };
		E23FA6FC29D2DD8300FCF557 /* CartViewController.swift in Sources */ = {isa = PBXBuildFile; fileRef = E23FA6FB29D2DD8300FCF557 /* CartViewController.swift */; };
		E23FA6FE29D2DD8D00FCF557 /* ProfileViewController.swift in Sources */ = {isa = PBXBuildFile; fileRef = E23FA6FD29D2DD8D00FCF557 /* ProfileViewController.swift */; };
		E23FA70229D2DEBF00FCF557 /* HomeCoordinator.swift in Sources */ = {isa = PBXBuildFile; fileRef = E23FA70129D2DEBF00FCF557 /* HomeCoordinator.swift */; };
		E23FA70429D2DEED00FCF557 /* SearchCoordinator.swift in Sources */ = {isa = PBXBuildFile; fileRef = E23FA70329D2DEED00FCF557 /* SearchCoordinator.swift */; };
		E23FA70629D2DF0B00FCF557 /* CartCoordinator.swift in Sources */ = {isa = PBXBuildFile; fileRef = E23FA70529D2DF0B00FCF557 /* CartCoordinator.swift */; };
		E23FA70829D2DF4000FCF557 /* ProfileCoordinator.swift in Sources */ = {isa = PBXBuildFile; fileRef = E23FA70729D2DF4000FCF557 /* ProfileCoordinator.swift */; };
		E23FA70B29D304FD00FCF557 /* CompositionalLayoutSectionHelper.swift in Sources */ = {isa = PBXBuildFile; fileRef = E23FA70A29D304FC00FCF557 /* CompositionalLayoutSectionHelper.swift */; };
		E23FA71129D3080F00FCF557 /* ProductCategoryCollectionViewCell.swift in Sources */ = {isa = PBXBuildFile; fileRef = E23FA71029D3080F00FCF557 /* ProductCategoryCollectionViewCell.swift */; };
		E23FA71429D3091900FCF557 /* ProductCategoryCellViewModel.swift in Sources */ = {isa = PBXBuildFile; fileRef = E23FA71329D3091900FCF557 /* ProductCategoryCellViewModel.swift */; };
		E244065B29D4B5FC00470B67 /* CollectionSectionHeader.swift in Sources */ = {isa = PBXBuildFile; fileRef = E244065A29D4B5FC00470B67 /* CollectionSectionHeader.swift */; };
		E252660829DC09AD00912AA1 /* OrderedCollections in Frameworks */ = {isa = PBXBuildFile; productRef = E252660729DC09AD00912AA1 /* OrderedCollections */; };
		E252660C29DC1E8900912AA1 /* ProductCard.swift in Sources */ = {isa = PBXBuildFile; fileRef = E252660B29DC1E8900912AA1 /* ProductCard.swift */; };
		E252661E29DC2C2200912AA1 /* ProductResponse.swift in Sources */ = {isa = PBXBuildFile; fileRef = E252661D29DC2C2200912AA1 /* ProductResponse.swift */; };
		E26FF3B529D1D37C00A7CE50 /* Theme.swift in Sources */ = {isa = PBXBuildFile; fileRef = E26FF3B429D1D37C00A7CE50 /* Theme.swift */; };
		E285043D29D41A8E00F378F6 /* HomeViewModel.swift in Sources */ = {isa = PBXBuildFile; fileRef = E285043C29D41A8E00F378F6 /* HomeViewModel.swift */; };
		E285044029D41ABA00F378F6 /* Observable.swift in Sources */ = {isa = PBXBuildFile; fileRef = E285043F29D41ABA00F378F6 /* Observable.swift */; };
		E29C0FDB29D85C4600A5A4D5 /* UIColor+Extensions.swift in Sources */ = {isa = PBXBuildFile; fileRef = E29C0FDA29D85C4600A5A4D5 /* UIColor+Extensions.swift */; };
		E2A40B5D29D4D5FE00860129 /* SDWebImage in Frameworks */ = {isa = PBXBuildFile; productRef = E2A40B5C29D4D5FE00860129 /* SDWebImage */; };
		E2AC78CC29D5B63F0027A847 /* ProductCollectionReusableHeaderView.swift in Sources */ = {isa = PBXBuildFile; fileRef = E2AC78CB29D5B63F0027A847 /* ProductCollectionReusableHeaderView.swift */; };
		E2B6833C29DF526D0099823D /* MockData.swift in Sources */ = {isa = PBXBuildFile; fileRef = E2B6833B29DF526D0099823D /* MockData.swift */; };
		E2C6C3A629D9B3EA00624DE7 /* APICaller.swift in Sources */ = {isa = PBXBuildFile; fileRef = E2C6C3A529D9B3EA00624DE7 /* APICaller.swift */; };
		E2C6C3A829D9B3F700624DE7 /* APIConstants.swift in Sources */ = {isa = PBXBuildFile; fileRef = E2C6C3A729D9B3F700624DE7 /* APIConstants.swift */; };
		E2C6C3AA29D9B40000624DE7 /* APIError.swift in Sources */ = {isa = PBXBuildFile; fileRef = E2C6C3A929D9B40000624DE7 /* APIError.swift */; };
		E2C6C3AD29D9B46000624DE7 /* Product.swift in Sources */ = {isa = PBXBuildFile; fileRef = E2C6C3AC29D9B46000624DE7 /* Product.swift */; };
		E2C6C3B129D9B54B00624DE7 /* ProductCollectionViewCell.swift in Sources */ = {isa = PBXBuildFile; fileRef = E2C6C3B029D9B54B00624DE7 /* ProductCollectionViewCell.swift */; };
		E2C6C3B329D9B5B600624DE7 /* SearchViewModel.swift in Sources */ = {isa = PBXBuildFile; fileRef = E2C6C3B229D9B5B600624DE7 /* SearchViewModel.swift */; };
		E2DFA37E29DFBB1D007DFFC6 /* ProductCardSkeletonView.swift in Sources */ = {isa = PBXBuildFile; fileRef = E2DFA37D29DFBB1D007DFFC6 /* ProductCardSkeletonView.swift */; };
		E2DFA38029DFBC13007DFFC6 /* ProductCollectionSkeletonViewCell.swift in Sources */ = {isa = PBXBuildFile; fileRef = E2DFA37F29DFBC13007DFFC6 /* ProductCollectionSkeletonViewCell.swift */; };
/* End PBXBuildFile section */

/* Begin PBXFileReference section */
		E20BACE429D1CF550097564A /* ECommerceApp.app */ = {isa = PBXFileReference; explicitFileType = wrapper.application; includeInIndex = 0; path = ECommerceApp.app; sourceTree = BUILT_PRODUCTS_DIR; };
		E20BACE729D1CF550097564A /* AppDelegate.swift */ = {isa = PBXFileReference; lastKnownFileType = sourcecode.swift; path = AppDelegate.swift; sourceTree = "<group>"; };
		E20BACE929D1CF550097564A /* SceneDelegate.swift */ = {isa = PBXFileReference; lastKnownFileType = sourcecode.swift; path = SceneDelegate.swift; sourceTree = "<group>"; };
		E20BACF029D1CF560097564A /* Assets.xcassets */ = {isa = PBXFileReference; lastKnownFileType = folder.assetcatalog; path = Assets.xcassets; sourceTree = "<group>"; };
		E20BACF329D1CF560097564A /* Base */ = {isa = PBXFileReference; lastKnownFileType = file.storyboard; name = Base; path = Base.lproj/LaunchScreen.storyboard; sourceTree = "<group>"; };
		E20BACF529D1CF560097564A /* Info.plist */ = {isa = PBXFileReference; lastKnownFileType = text.plist.xml; path = Info.plist; sourceTree = "<group>"; };
		E21DAC2F29DA75C800099B8C /* ProductCollectionViewCellViewModel.swift */ = {isa = PBXFileReference; lastKnownFileType = sourcecode.swift; path = ProductCollectionViewCellViewModel.swift; sourceTree = "<group>"; };
		E228722429E1B5CB008D22D6 /* Animation.swift */ = {isa = PBXFileReference; lastKnownFileType = sourcecode.swift; path = Animation.swift; sourceTree = "<group>"; };
		E228722929E1C598008D22D6 /* SkeletonGradientLayer.swift */ = {isa = PBXFileReference; lastKnownFileType = sourcecode.swift; path = SkeletonGradientLayer.swift; sourceTree = "<group>"; };
		E23FA6EC29D2DB3600FCF557 /* Coordinator.swift */ = {isa = PBXFileReference; lastKnownFileType = sourcecode.swift; path = Coordinator.swift; sourceTree = "<group>"; };
		E23FA6EE29D2DB5900FCF557 /* AppCoordinator.swift */ = {isa = PBXFileReference; lastKnownFileType = sourcecode.swift; path = AppCoordinator.swift; sourceTree = "<group>"; };
		E23FA6F029D2DB7800FCF557 /* TabBarCoordinator.swift */ = {isa = PBXFileReference; lastKnownFileType = sourcecode.swift; path = TabBarCoordinator.swift; sourceTree = "<group>"; };
		E23FA6F529D2DCAA00FCF557 /* MainTabbarViewController.swift */ = {isa = PBXFileReference; lastKnownFileType = sourcecode.swift; path = MainTabbarViewController.swift; sourceTree = "<group>"; };
		E23FA6F729D2DCE600FCF557 /* HomeViewController.swift */ = {isa = PBXFileReference; lastKnownFileType = sourcecode.swift; path = HomeViewController.swift; sourceTree = "<group>"; };
		E23FA6F929D2DCF800FCF557 /* SearchViewController.swift */ = {isa = PBXFileReference; lastKnownFileType = sourcecode.swift; path = SearchViewController.swift; sourceTree = "<group>"; };
		E23FA6FB29D2DD8300FCF557 /* CartViewController.swift */ = {isa = PBXFileReference; lastKnownFileType = sourcecode.swift; path = CartViewController.swift; sourceTree = "<group>"; };
		E23FA6FD29D2DD8D00FCF557 /* ProfileViewController.swift */ = {isa = PBXFileReference; lastKnownFileType = sourcecode.swift; path = ProfileViewController.swift; sourceTree = "<group>"; };
		E23FA70129D2DEBF00FCF557 /* HomeCoordinator.swift */ = {isa = PBXFileReference; lastKnownFileType = sourcecode.swift; path = HomeCoordinator.swift; sourceTree = "<group>"; };
		E23FA70329D2DEED00FCF557 /* SearchCoordinator.swift */ = {isa = PBXFileReference; lastKnownFileType = sourcecode.swift; path = SearchCoordinator.swift; sourceTree = "<group>"; };
		E23FA70529D2DF0B00FCF557 /* CartCoordinator.swift */ = {isa = PBXFileReference; lastKnownFileType = sourcecode.swift; path = CartCoordinator.swift; sourceTree = "<group>"; };
		E23FA70729D2DF4000FCF557 /* ProfileCoordinator.swift */ = {isa = PBXFileReference; lastKnownFileType = sourcecode.swift; path = ProfileCoordinator.swift; sourceTree = "<group>"; };
		E23FA70A29D304FC00FCF557 /* CompositionalLayoutSectionHelper.swift */ = {isa = PBXFileReference; lastKnownFileType = sourcecode.swift; path = CompositionalLayoutSectionHelper.swift; sourceTree = "<group>"; };
		E23FA71029D3080F00FCF557 /* ProductCategoryCollectionViewCell.swift */ = {isa = PBXFileReference; lastKnownFileType = sourcecode.swift; path = ProductCategoryCollectionViewCell.swift; sourceTree = "<group>"; };
		E23FA71329D3091900FCF557 /* ProductCategoryCellViewModel.swift */ = {isa = PBXFileReference; lastKnownFileType = sourcecode.swift; path = ProductCategoryCellViewModel.swift; sourceTree = "<group>"; };
		E244065A29D4B5FC00470B67 /* CollectionSectionHeader.swift */ = {isa = PBXFileReference; lastKnownFileType = sourcecode.swift; path = CollectionSectionHeader.swift; sourceTree = "<group>"; };
		E252660B29DC1E8900912AA1 /* ProductCard.swift */ = {isa = PBXFileReference; lastKnownFileType = sourcecode.swift; path = ProductCard.swift; sourceTree = "<group>"; };
		E252661D29DC2C2200912AA1 /* ProductResponse.swift */ = {isa = PBXFileReference; lastKnownFileType = sourcecode.swift; path = ProductResponse.swift; sourceTree = "<group>"; };
		E26FF3B429D1D37C00A7CE50 /* Theme.swift */ = {isa = PBXFileReference; lastKnownFileType = sourcecode.swift; path = Theme.swift; sourceTree = "<group>"; };
		E285043C29D41A8E00F378F6 /* HomeViewModel.swift */ = {isa = PBXFileReference; lastKnownFileType = sourcecode.swift; path = HomeViewModel.swift; sourceTree = "<group>"; };
		E285043F29D41ABA00F378F6 /* Observable.swift */ = {isa = PBXFileReference; lastKnownFileType = sourcecode.swift; path = Observable.swift; sourceTree = "<group>"; };
		E29C0FDA29D85C4600A5A4D5 /* UIColor+Extensions.swift */ = {isa = PBXFileReference; lastKnownFileType = sourcecode.swift; path = "UIColor+Extensions.swift"; sourceTree = "<group>"; };
		E2AC78CB29D5B63F0027A847 /* ProductCollectionReusableHeaderView.swift */ = {isa = PBXFileReference; lastKnownFileType = sourcecode.swift; path = ProductCollectionReusableHeaderView.swift; sourceTree = "<group>"; };
		E2B6833B29DF526D0099823D /* MockData.swift */ = {isa = PBXFileReference; lastKnownFileType = sourcecode.swift; path = MockData.swift; sourceTree = "<group>"; };
		E2C6C3A529D9B3EA00624DE7 /* APICaller.swift */ = {isa = PBXFileReference; lastKnownFileType = sourcecode.swift; path = APICaller.swift; sourceTree = "<group>"; };
		E2C6C3A729D9B3F700624DE7 /* APIConstants.swift */ = {isa = PBXFileReference; lastKnownFileType = sourcecode.swift; path = APIConstants.swift; sourceTree = "<group>"; };
		E2C6C3A929D9B40000624DE7 /* APIError.swift */ = {isa = PBXFileReference; lastKnownFileType = sourcecode.swift; path = APIError.swift; sourceTree = "<group>"; };
		E2C6C3AC29D9B46000624DE7 /* Product.swift */ = {isa = PBXFileReference; lastKnownFileType = sourcecode.swift; path = Product.swift; sourceTree = "<group>"; };
		E2C6C3B029D9B54B00624DE7 /* ProductCollectionViewCell.swift */ = {isa = PBXFileReference; lastKnownFileType = sourcecode.swift; path = ProductCollectionViewCell.swift; sourceTree = "<group>"; };
		E2C6C3B229D9B5B600624DE7 /* SearchViewModel.swift */ = {isa = PBXFileReference; lastKnownFileType = sourcecode.swift; path = SearchViewModel.swift; sourceTree = "<group>"; };
		E2DFA37D29DFBB1D007DFFC6 /* ProductCardSkeletonView.swift */ = {isa = PBXFileReference; lastKnownFileType = sourcecode.swift; path = ProductCardSkeletonView.swift; sourceTree = "<group>"; };
		E2DFA37F29DFBC13007DFFC6 /* ProductCollectionSkeletonViewCell.swift */ = {isa = PBXFileReference; lastKnownFileType = sourcecode.swift; path = ProductCollectionSkeletonViewCell.swift; sourceTree = "<group>"; };
/* End PBXFileReference section */

/* Begin PBXFrameworksBuildPhase section */
		E20BACE129D1CF550097564A /* Frameworks */ = {
			isa = PBXFrameworksBuildPhase;
			buildActionMask = 2147483647;
			files = (
				E252660829DC09AD00912AA1 /* OrderedCollections in Frameworks */,
				E2A40B5D29D4D5FE00860129 /* SDWebImage in Frameworks */,
			);
			runOnlyForDeploymentPostprocessing = 0;
		};
/* End PBXFrameworksBuildPhase section */

/* Begin PBXGroup section */
		E20BACDB29D1CF550097564A = {
			isa = PBXGroup;
			children = (
				E20BACE629D1CF550097564A /* ECommerceApp */,
				E20BACE529D1CF550097564A /* Products */,
			);
			sourceTree = "<group>";
		};
		E20BACE529D1CF550097564A /* Products */ = {
			isa = PBXGroup;
			children = (
				E20BACE429D1CF550097564A /* ECommerceApp.app */,
			);
			name = Products;
			sourceTree = "<group>";
		};
		E20BACE629D1CF550097564A /* ECommerceApp */ = {
			isa = PBXGroup;
			children = (
				E2B6833929DF52530099823D /* Data */,
				E252660929DC1E6C00912AA1 /* Components */,
				E2C6C3AB29D9B44000624DE7 /* Models */,
				E2C6C3A429D9B3D800624DE7 /* Network */,
				E29C0FD929D85BEF00A5A4D5 /* Extensions */,
				E285043E29D41AA100F378F6 /* Utils */,
				E23FA71229D3090200FCF557 /* ViewModels */,
				E23FA70E29D307C700FCF557 /* Views */,
				E23FA70929D304E100FCF557 /* Helpers */,
				E23FA6EB29D2DAFD00FCF557 /* Coordinator */,
				E23FA6F229D2DC8A00FCF557 /* Controllers */,
				E26FF3B329D1D36800A7CE50 /* Theme */,
				E20BACE729D1CF550097564A /* AppDelegate.swift */,
				E20BACE929D1CF550097564A /* SceneDelegate.swift */,
				E20BACF029D1CF560097564A /* Assets.xcassets */,
				E20BACF229D1CF560097564A /* LaunchScreen.storyboard */,
				E20BACF529D1CF560097564A /* Info.plist */,
			);
			path = ECommerceApp;
			sourceTree = "<group>";
		};
		E228722829E1C589008D22D6 /* SkeletonGradientLayer */ = {
			isa = PBXGroup;
			children = (
				E228722929E1C598008D22D6 /* SkeletonGradientLayer.swift */,
			);
			path = SkeletonGradientLayer;
			sourceTree = "<group>";
		};
		E23FA6EB29D2DAFD00FCF557 /* Coordinator */ = {
			isa = PBXGroup;
			children = (
				E23FA6FF29D2DDFF00FCF557 /* Core */,
				E23FA6EC29D2DB3600FCF557 /* Coordinator.swift */,
				E23FA6EE29D2DB5900FCF557 /* AppCoordinator.swift */,
			);
			path = Coordinator;
			sourceTree = "<group>";
		};
		E23FA6F229D2DC8A00FCF557 /* Controllers */ = {
			isa = PBXGroup;
			children = (
				E2C6C3AE29D9B52700624DE7 /* General */,
				E23FA6F329D2DC8F00FCF557 /* Core */,
			);
			path = Controllers;
			sourceTree = "<group>";
		};
		E23FA6F329D2DC8F00FCF557 /* Core */ = {
			isa = PBXGroup;
			children = (
				E23FA6F529D2DCAA00FCF557 /* MainTabbarViewController.swift */,
				E23FA6F729D2DCE600FCF557 /* HomeViewController.swift */,
				E23FA6F929D2DCF800FCF557 /* SearchViewController.swift */,
				E23FA6FB29D2DD8300FCF557 /* CartViewController.swift */,
				E23FA6FD29D2DD8D00FCF557 /* ProfileViewController.swift */,
			);
			path = Core;
			sourceTree = "<group>";
		};
		E23FA6FF29D2DDFF00FCF557 /* Core */ = {
			isa = PBXGroup;
			children = (
				E23FA6F029D2DB7800FCF557 /* TabBarCoordinator.swift */,
				E23FA70129D2DEBF00FCF557 /* HomeCoordinator.swift */,
				E23FA70329D2DEED00FCF557 /* SearchCoordinator.swift */,
				E23FA70529D2DF0B00FCF557 /* CartCoordinator.swift */,
				E23FA70729D2DF4000FCF557 /* ProfileCoordinator.swift */,
			);
			path = Core;
			sourceTree = "<group>";
		};
		E23FA70929D304E100FCF557 /* Helpers */ = {
			isa = PBXGroup;
			children = (
				E23FA70A29D304FC00FCF557 /* CompositionalLayoutSectionHelper.swift */,
			);
			path = Helpers;
			sourceTree = "<group>";
		};
		E23FA70E29D307C700FCF557 /* Views */ = {
			isa = PBXGroup;
			children = (
				E2C6C3AF29D9B54000624DE7 /* ProductCollectionViewCell */,
				E2AC78CA29D5B6170027A847 /* ProductCollectionReusableHeaderView */,
				E285044129D4B45F00F378F6 /* CollectionSectionHeaderView */,
				E23FA70F29D307CE00FCF557 /* ProductCategoryCollectionViewCell */,
			);
			path = Views;
			sourceTree = "<group>";
		};
		E23FA70F29D307CE00FCF557 /* ProductCategoryCollectionViewCell */ = {
			isa = PBXGroup;
			children = (
				E23FA71029D3080F00FCF557 /* ProductCategoryCollectionViewCell.swift */,
			);
			path = ProductCategoryCollectionViewCell;
			sourceTree = "<group>";
		};
		E23FA71229D3090200FCF557 /* ViewModels */ = {
			isa = PBXGroup;
			children = (
				E23FA71329D3091900FCF557 /* ProductCategoryCellViewModel.swift */,
				E285043C29D41A8E00F378F6 /* HomeViewModel.swift */,
				E2C6C3B229D9B5B600624DE7 /* SearchViewModel.swift */,
				E21DAC2F29DA75C800099B8C /* ProductCollectionViewCellViewModel.swift */,
			);
			path = ViewModels;
			sourceTree = "<group>";
		};
		E252660929DC1E6C00912AA1 /* Components */ = {
			isa = PBXGroup;
			children = (
				E228722829E1C589008D22D6 /* SkeletonGradientLayer */,
				E252660A29DC1E7800912AA1 /* ProductCard */,
			);
			path = Components;
			sourceTree = "<group>";
		};
		E252660A29DC1E7800912AA1 /* ProductCard */ = {
			isa = PBXGroup;
			children = (
				E252660B29DC1E8900912AA1 /* ProductCard.swift */,
				E2DFA37D29DFBB1D007DFFC6 /* ProductCardSkeletonView.swift */,
			);
			path = ProductCard;
			sourceTree = "<group>";
		};
		E252661C29DC2C1600912AA1 /* Models */ = {
			isa = PBXGroup;
			children = (
				E252661D29DC2C2200912AA1 /* ProductResponse.swift */,
			);
			path = Models;
			sourceTree = "<group>";
		};
		E26FF3B329D1D36800A7CE50 /* Theme */ = {
			isa = PBXGroup;
			children = (
				E26FF3B429D1D37C00A7CE50 /* Theme.swift */,
			);
			path = Theme;
			sourceTree = "<group>";
		};
		E285043E29D41AA100F378F6 /* Utils */ = {
			isa = PBXGroup;
			children = (
				E285043F29D41ABA00F378F6 /* Observable.swift */,
				E228722429E1B5CB008D22D6 /* Animation.swift */,
			);
			path = Utils;
			sourceTree = "<group>";
		};
		E285044129D4B45F00F378F6 /* CollectionSectionHeaderView */ = {
			isa = PBXGroup;
			children = (
				E244065A29D4B5FC00470B67 /* CollectionSectionHeader.swift */,
			);
			path = CollectionSectionHeaderView;
			sourceTree = "<group>";
		};
		E29C0FD929D85BEF00A5A4D5 /* Extensions */ = {
			isa = PBXGroup;
			children = (
				E29C0FDA29D85C4600A5A4D5 /* UIColor+Extensions.swift */,
			);
			path = Extensions;
			sourceTree = "<group>";
		};
		E2AC78CA29D5B6170027A847 /* ProductCollectionReusableHeaderView */ = {
			isa = PBXGroup;
			children = (
				E2AC78CB29D5B63F0027A847 /* ProductCollectionReusableHeaderView.swift */,
			);
			path = ProductCollectionReusableHeaderView;
			sourceTree = "<group>";
		};
		E2B6833929DF52530099823D /* Data */ = {
			isa = PBXGroup;
			children = (
				E2B6833A29DF525D0099823D /* Mock */,
			);
			path = Data;
			sourceTree = "<group>";
		};
		E2B6833A29DF525D0099823D /* Mock */ = {
			isa = PBXGroup;
			children = (
				E2B6833B29DF526D0099823D /* MockData.swift */,
			);
			path = Mock;
			sourceTree = "<group>";
		};
		E2C6C3A429D9B3D800624DE7 /* Network */ = {
			isa = PBXGroup;
			children = (
				E252661C29DC2C1600912AA1 /* Models */,
				E2C6C3A529D9B3EA00624DE7 /* APICaller.swift */,
				E2C6C3A729D9B3F700624DE7 /* APIConstants.swift */,
				E2C6C3A929D9B40000624DE7 /* APIError.swift */,
			);
			path = Network;
			sourceTree = "<group>";
		};
		E2C6C3AB29D9B44000624DE7 /* Models */ = {
			isa = PBXGroup;
			children = (
				E2C6C3AC29D9B46000624DE7 /* Product.swift */,
			);
			path = Models;
			sourceTree = "<group>";
		};
		E2C6C3AE29D9B52700624DE7 /* General */ = {
			isa = PBXGroup;
			children = (
			);
			path = General;
			sourceTree = "<group>";
		};
		E2C6C3AF29D9B54000624DE7 /* ProductCollectionViewCell */ = {
			isa = PBXGroup;
			children = (
				E2C6C3B029D9B54B00624DE7 /* ProductCollectionViewCell.swift */,
				E2DFA37F29DFBC13007DFFC6 /* ProductCollectionSkeletonViewCell.swift */,
			);
			path = ProductCollectionViewCell;
			sourceTree = "<group>";
		};
/* End PBXGroup section */

/* Begin PBXNativeTarget section */
		E20BACE329D1CF550097564A /* ECommerceApp */ = {
			isa = PBXNativeTarget;
			buildConfigurationList = E20BACF829D1CF560097564A /* Build configuration list for PBXNativeTarget "ECommerceApp" */;
			buildPhases = (
				E20BACE029D1CF550097564A /* Sources */,
				E20BACE129D1CF550097564A /* Frameworks */,
				E20BACE229D1CF550097564A /* Resources */,
				E20BACFB29D1D0D00097564A /* SwiftLint */,
			);
			buildRules = (
			);
			dependencies = (
			);
			name = ECommerceApp;
			packageProductDependencies = (
				E2A40B5C29D4D5FE00860129 /* SDWebImage */,
				E252660729DC09AD00912AA1 /* OrderedCollections */,
			);
			productName = ECommerceApp;
			productReference = E20BACE429D1CF550097564A /* ECommerceApp.app */;
			productType = "com.apple.product-type.application";
		};
/* End PBXNativeTarget section */

/* Begin PBXProject section */
		E20BACDC29D1CF550097564A /* Project object */ = {
			isa = PBXProject;
			attributes = {
				BuildIndependentTargetsInParallel = 1;
				LastSwiftUpdateCheck = 1400;
				LastUpgradeCheck = 1400;
				TargetAttributes = {
					E20BACE329D1CF550097564A = {
						CreatedOnToolsVersion = 14.0.1;
					};
				};
			};
			buildConfigurationList = E20BACDF29D1CF550097564A /* Build configuration list for PBXProject "ECommerceApp" */;
			compatibilityVersion = "Xcode 14.0";
			developmentRegion = en;
			hasScannedForEncodings = 0;
			knownRegions = (
				en,
				Base,
			);
			mainGroup = E20BACDB29D1CF550097564A;
			packageReferences = (
				E2A40B5B29D4D5FE00860129 /* XCRemoteSwiftPackageReference "SDWebImage" */,
				E252660629DC09AD00912AA1 /* XCRemoteSwiftPackageReference "swift-collections" */,
			);
			productRefGroup = E20BACE529D1CF550097564A /* Products */;
			projectDirPath = "";
			projectRoot = "";
			targets = (
				E20BACE329D1CF550097564A /* ECommerceApp */,
			);
		};
/* End PBXProject section */

/* Begin PBXResourcesBuildPhase section */
		E20BACE229D1CF550097564A /* Resources */ = {
			isa = PBXResourcesBuildPhase;
			buildActionMask = 2147483647;
			files = (
				E20BACF429D1CF560097564A /* LaunchScreen.storyboard in Resources */,
				E20BACF129D1CF560097564A /* Assets.xcassets in Resources */,
			);
			runOnlyForDeploymentPostprocessing = 0;
		};
/* End PBXResourcesBuildPhase section */

/* Begin PBXShellScriptBuildPhase section */
		E20BACFB29D1D0D00097564A /* SwiftLint */ = {
			isa = PBXShellScriptBuildPhase;
			buildActionMask = 2147483647;
			files = (
			);
			inputFileListPaths = (
			);
			inputPaths = (
			);
			name = SwiftLint;
			outputFileListPaths = (
			);
			outputPaths = (
			);
			runOnlyForDeploymentPostprocessing = 0;
			shellPath = /bin/sh;
			shellScript = "export PATH=\"$PATH:/opt/homebrew/bin\"\nif which swiftlint > /dev/null; then\n  swiftlint\nelse\n  echo \"warning: SwiftLint not installed, download from https://github.com/realm/SwiftLint\"\nfi\n";
		};
/* End PBXShellScriptBuildPhase section */

/* Begin PBXSourcesBuildPhase section */
		E20BACE029D1CF550097564A /* Sources */ = {
			isa = PBXSourcesBuildPhase;
			buildActionMask = 2147483647;
			files = (
				E252661E29DC2C2200912AA1 /* ProductResponse.swift in Sources */,
				E244065B29D4B5FC00470B67 /* CollectionSectionHeader.swift in Sources */,
				E285043D29D41A8E00F378F6 /* HomeViewModel.swift in Sources */,
				E252660C29DC1E8900912AA1 /* ProductCard.swift in Sources */,
				E2C6C3B129D9B54B00624DE7 /* ProductCollectionViewCell.swift in Sources */,
				E23FA6FA29D2DCF800FCF557 /* SearchViewController.swift in Sources */,
				E23FA6F129D2DB7800FCF557 /* TabBarCoordinator.swift in Sources */,
				E23FA6F629D2DCAA00FCF557 /* MainTabbarViewController.swift in Sources */,
				E228722A29E1C598008D22D6 /* SkeletonGradientLayer.swift in Sources */,
				E23FA6EF29D2DB5900FCF557 /* AppCoordinator.swift in Sources */,
				E23FA70629D2DF0B00FCF557 /* CartCoordinator.swift in Sources */,
				E2C6C3A629D9B3EA00624DE7 /* APICaller.swift in Sources */,
				E23FA70B29D304FD00FCF557 /* CompositionalLayoutSectionHelper.swift in Sources */,
				E26FF3B529D1D37C00A7CE50 /* Theme.swift in Sources */,
				E29C0FDB29D85C4600A5A4D5 /* UIColor+Extensions.swift in Sources */,
				E2C6C3A829D9B3F700624DE7 /* APIConstants.swift in Sources */,
				E21DAC3029DA75C800099B8C /* ProductCollectionViewCellViewModel.swift in Sources */,
				E23FA70429D2DEED00FCF557 /* SearchCoordinator.swift in Sources */,
				E23FA71129D3080F00FCF557 /* ProductCategoryCollectionViewCell.swift in Sources */,
				E23FA70829D2DF4000FCF557 /* ProfileCoordinator.swift in Sources */,
				E23FA6FE29D2DD8D00FCF557 /* ProfileViewController.swift in Sources */,
				E23FA6F829D2DCE600FCF557 /* HomeViewController.swift in Sources */,
				E2C6C3B329D9B5B600624DE7 /* SearchViewModel.swift in Sources */,
				E23FA70229D2DEBF00FCF557 /* HomeCoordinator.swift in Sources */,
				E23FA6FC29D2DD8300FCF557 /* CartViewController.swift in Sources */,
				E2AC78CC29D5B63F0027A847 /* ProductCollectionReusableHeaderView.swift in Sources */,
				E2C6C3AD29D9B46000624DE7 /* Product.swift in Sources */,
				E2DFA37E29DFBB1D007DFFC6 /* ProductCardSkeletonView.swift in Sources */,
				E23FA71429D3091900FCF557 /* ProductCategoryCellViewModel.swift in Sources */,
				E285044029D41ABA00F378F6 /* Observable.swift in Sources */,
				E23FA6ED29D2DB3600FCF557 /* Coordinator.swift in Sources */,
				E20BACE829D1CF550097564A /* AppDelegate.swift in Sources */,
				E2DFA38029DFBC13007DFFC6 /* ProductCollectionSkeletonViewCell.swift in Sources */,
				E20BACEA29D1CF550097564A /* SceneDelegate.swift in Sources */,
				E2B6833C29DF526D0099823D /* MockData.swift in Sources */,
				E228722529E1B5CB008D22D6 /* Animation.swift in Sources */,
				E2C6C3AA29D9B40000624DE7 /* APIError.swift in Sources */,
			);
			runOnlyForDeploymentPostprocessing = 0;
		};
/* End PBXSourcesBuildPhase section */

/* Begin PBXVariantGroup section */
		E20BACF229D1CF560097564A /* LaunchScreen.storyboard */ = {
			isa = PBXVariantGroup;
			children = (
				E20BACF329D1CF560097564A /* Base */,
			);
			name = LaunchScreen.storyboard;
			sourceTree = "<group>";
		};
/* End PBXVariantGroup section */

/* Begin XCBuildConfiguration section */
		E20BACF629D1CF560097564A /* Debug */ = {
			isa = XCBuildConfiguration;
			buildSettings = {
				ALWAYS_SEARCH_USER_PATHS = NO;
				CLANG_ANALYZER_NONNULL = YES;
				CLANG_ANALYZER_NUMBER_OBJECT_CONVERSION = YES_AGGRESSIVE;
				CLANG_CXX_LANGUAGE_STANDARD = "gnu++20";
				CLANG_ENABLE_MODULES = YES;
				CLANG_ENABLE_OBJC_ARC = YES;
				CLANG_ENABLE_OBJC_WEAK = YES;
				CLANG_WARN_BLOCK_CAPTURE_AUTORELEASING = YES;
				CLANG_WARN_BOOL_CONVERSION = YES;
				CLANG_WARN_COMMA = YES;
				CLANG_WARN_CONSTANT_CONVERSION = YES;
				CLANG_WARN_DEPRECATED_OBJC_IMPLEMENTATIONS = YES;
				CLANG_WARN_DIRECT_OBJC_ISA_USAGE = YES_ERROR;
				CLANG_WARN_DOCUMENTATION_COMMENTS = YES;
				CLANG_WARN_EMPTY_BODY = YES;
				CLANG_WARN_ENUM_CONVERSION = YES;
				CLANG_WARN_INFINITE_RECURSION = YES;
				CLANG_WARN_INT_CONVERSION = YES;
				CLANG_WARN_NON_LITERAL_NULL_CONVERSION = YES;
				CLANG_WARN_OBJC_IMPLICIT_RETAIN_SELF = YES;
				CLANG_WARN_OBJC_LITERAL_CONVERSION = YES;
				CLANG_WARN_OBJC_ROOT_CLASS = YES_ERROR;
				CLANG_WARN_QUOTED_INCLUDE_IN_FRAMEWORK_HEADER = YES;
				CLANG_WARN_RANGE_LOOP_ANALYSIS = YES;
				CLANG_WARN_STRICT_PROTOTYPES = YES;
				CLANG_WARN_SUSPICIOUS_MOVE = YES;
				CLANG_WARN_UNGUARDED_AVAILABILITY = YES_AGGRESSIVE;
				CLANG_WARN_UNREACHABLE_CODE = YES;
				CLANG_WARN__DUPLICATE_METHOD_MATCH = YES;
				COPY_PHASE_STRIP = NO;
				DEBUG_INFORMATION_FORMAT = dwarf;
				ENABLE_STRICT_OBJC_MSGSEND = YES;
				ENABLE_TESTABILITY = YES;
				GCC_C_LANGUAGE_STANDARD = gnu11;
				GCC_DYNAMIC_NO_PIC = NO;
				GCC_NO_COMMON_BLOCKS = YES;
				GCC_OPTIMIZATION_LEVEL = 0;
				GCC_PREPROCESSOR_DEFINITIONS = (
					"DEBUG=1",
					"$(inherited)",
				);
				GCC_WARN_64_TO_32_BIT_CONVERSION = YES;
				GCC_WARN_ABOUT_RETURN_TYPE = YES_ERROR;
				GCC_WARN_UNDECLARED_SELECTOR = YES;
				GCC_WARN_UNINITIALIZED_AUTOS = YES_AGGRESSIVE;
				GCC_WARN_UNUSED_FUNCTION = YES;
				GCC_WARN_UNUSED_VARIABLE = YES;
				IPHONEOS_DEPLOYMENT_TARGET = 16.0;
				MTL_ENABLE_DEBUG_INFO = INCLUDE_SOURCE;
				MTL_FAST_MATH = YES;
				ONLY_ACTIVE_ARCH = YES;
				SDKROOT = iphoneos;
				SWIFT_ACTIVE_COMPILATION_CONDITIONS = DEBUG;
				SWIFT_OPTIMIZATION_LEVEL = "-Onone";
			};
			name = Debug;
		};
		E20BACF729D1CF560097564A /* Release */ = {
			isa = XCBuildConfiguration;
			buildSettings = {
				ALWAYS_SEARCH_USER_PATHS = NO;
				CLANG_ANALYZER_NONNULL = YES;
				CLANG_ANALYZER_NUMBER_OBJECT_CONVERSION = YES_AGGRESSIVE;
				CLANG_CXX_LANGUAGE_STANDARD = "gnu++20";
				CLANG_ENABLE_MODULES = YES;
				CLANG_ENABLE_OBJC_ARC = YES;
				CLANG_ENABLE_OBJC_WEAK = YES;
				CLANG_WARN_BLOCK_CAPTURE_AUTORELEASING = YES;
				CLANG_WARN_BOOL_CONVERSION = YES;
				CLANG_WARN_COMMA = YES;
				CLANG_WARN_CONSTANT_CONVERSION = YES;
				CLANG_WARN_DEPRECATED_OBJC_IMPLEMENTATIONS = YES;
				CLANG_WARN_DIRECT_OBJC_ISA_USAGE = YES_ERROR;
				CLANG_WARN_DOCUMENTATION_COMMENTS = YES;
				CLANG_WARN_EMPTY_BODY = YES;
				CLANG_WARN_ENUM_CONVERSION = YES;
				CLANG_WARN_INFINITE_RECURSION = YES;
				CLANG_WARN_INT_CONVERSION = YES;
				CLANG_WARN_NON_LITERAL_NULL_CONVERSION = YES;
				CLANG_WARN_OBJC_IMPLICIT_RETAIN_SELF = YES;
				CLANG_WARN_OBJC_LITERAL_CONVERSION = YES;
				CLANG_WARN_OBJC_ROOT_CLASS = YES_ERROR;
				CLANG_WARN_QUOTED_INCLUDE_IN_FRAMEWORK_HEADER = YES;
				CLANG_WARN_RANGE_LOOP_ANALYSIS = YES;
				CLANG_WARN_STRICT_PROTOTYPES = YES;
				CLANG_WARN_SUSPICIOUS_MOVE = YES;
				CLANG_WARN_UNGUARDED_AVAILABILITY = YES_AGGRESSIVE;
				CLANG_WARN_UNREACHABLE_CODE = YES;
				CLANG_WARN__DUPLICATE_METHOD_MATCH = YES;
				COPY_PHASE_STRIP = NO;
				DEBUG_INFORMATION_FORMAT = "dwarf-with-dsym";
				ENABLE_NS_ASSERTIONS = NO;
				ENABLE_STRICT_OBJC_MSGSEND = YES;
				GCC_C_LANGUAGE_STANDARD = gnu11;
				GCC_NO_COMMON_BLOCKS = YES;
				GCC_WARN_64_TO_32_BIT_CONVERSION = YES;
				GCC_WARN_ABOUT_RETURN_TYPE = YES_ERROR;
				GCC_WARN_UNDECLARED_SELECTOR = YES;
				GCC_WARN_UNINITIALIZED_AUTOS = YES_AGGRESSIVE;
				GCC_WARN_UNUSED_FUNCTION = YES;
				GCC_WARN_UNUSED_VARIABLE = YES;
				IPHONEOS_DEPLOYMENT_TARGET = 16.0;
				MTL_ENABLE_DEBUG_INFO = NO;
				MTL_FAST_MATH = YES;
				SDKROOT = iphoneos;
				SWIFT_COMPILATION_MODE = wholemodule;
				SWIFT_OPTIMIZATION_LEVEL = "-O";
				VALIDATE_PRODUCT = YES;
			};
			name = Release;
		};
		E20BACF929D1CF560097564A /* Debug */ = {
			isa = XCBuildConfiguration;
			buildSettings = {
				ASSETCATALOG_COMPILER_APPICON_NAME = AppIcon;
				ASSETCATALOG_COMPILER_GLOBAL_ACCENT_COLOR_NAME = AccentColor;
				CODE_SIGN_STYLE = Automatic;
				CURRENT_PROJECT_VERSION = 1;
				GENERATE_INFOPLIST_FILE = YES;
				INFOPLIST_FILE = ECommerceApp/Info.plist;
				INFOPLIST_KEY_UIApplicationSupportsIndirectInputEvents = YES;
				INFOPLIST_KEY_UILaunchStoryboardName = LaunchScreen;
				INFOPLIST_KEY_UIMainStoryboardFile = "";
				INFOPLIST_KEY_UISupportedInterfaceOrientations = UIInterfaceOrientationPortrait;
				LD_RUNPATH_SEARCH_PATHS = (
					"$(inherited)",
					"@executable_path/Frameworks",
				);
				MARKETING_VERSION = 1.0;
				PRODUCT_BUNDLE_IDENTIFIER = Oguzhan.ECommerceApp;
				PRODUCT_NAME = "$(TARGET_NAME)";
				SWIFT_EMIT_LOC_STRINGS = YES;
				SWIFT_VERSION = 5.0;
				TARGETED_DEVICE_FAMILY = "1,2";
			};
			name = Debug;
		};
		E20BACFA29D1CF560097564A /* Release */ = {
			isa = XCBuildConfiguration;
			buildSettings = {
				ASSETCATALOG_COMPILER_APPICON_NAME = AppIcon;
				ASSETCATALOG_COMPILER_GLOBAL_ACCENT_COLOR_NAME = AccentColor;
				CODE_SIGN_STYLE = Automatic;
				CURRENT_PROJECT_VERSION = 1;
				GENERATE_INFOPLIST_FILE = YES;
				INFOPLIST_FILE = ECommerceApp/Info.plist;
				INFOPLIST_KEY_UIApplicationSupportsIndirectInputEvents = YES;
				INFOPLIST_KEY_UILaunchStoryboardName = LaunchScreen;
				INFOPLIST_KEY_UIMainStoryboardFile = "";
				INFOPLIST_KEY_UISupportedInterfaceOrientations = UIInterfaceOrientationPortrait;
				LD_RUNPATH_SEARCH_PATHS = (
					"$(inherited)",
					"@executable_path/Frameworks",
				);
				MARKETING_VERSION = 1.0;
				PRODUCT_BUNDLE_IDENTIFIER = Oguzhan.ECommerceApp;
				PRODUCT_NAME = "$(TARGET_NAME)";
				SWIFT_EMIT_LOC_STRINGS = YES;
				SWIFT_VERSION = 5.0;
				TARGETED_DEVICE_FAMILY = "1,2";
			};
			name = Release;
		};
/* End XCBuildConfiguration section */

/* Begin XCConfigurationList section */
		E20BACDF29D1CF550097564A /* Build configuration list for PBXProject "ECommerceApp" */ = {
			isa = XCConfigurationList;
			buildConfigurations = (
				E20BACF629D1CF560097564A /* Debug */,
				E20BACF729D1CF560097564A /* Release */,
			);
			defaultConfigurationIsVisible = 0;
			defaultConfigurationName = Release;
		};
		E20BACF829D1CF560097564A /* Build configuration list for PBXNativeTarget "ECommerceApp" */ = {
			isa = XCConfigurationList;
			buildConfigurations = (
				E20BACF929D1CF560097564A /* Debug */,
				E20BACFA29D1CF560097564A /* Release */,
			);
			defaultConfigurationIsVisible = 0;
			defaultConfigurationName = Release;
		};
/* End XCConfigurationList section */

/* Begin XCRemoteSwiftPackageReference section */
		E252660629DC09AD00912AA1 /* XCRemoteSwiftPackageReference "swift-collections" */ = {
			isa = XCRemoteSwiftPackageReference;
			repositoryURL = "https://github.com/apple/swift-collections.git";
			requirement = {
				kind = upToNextMajorVersion;
				minimumVersion = 1.0.0;
			};
		};
		E2A40B5B29D4D5FE00860129 /* XCRemoteSwiftPackageReference "SDWebImage" */ = {
			isa = XCRemoteSwiftPackageReference;
			repositoryURL = "https://github.com/SDWebImage/SDWebImage";
			requirement = {
				branch = master;
				kind = branch;
			};
		};
/* End XCRemoteSwiftPackageReference section */

/* Begin XCSwiftPackageProductDependency section */
		E252660729DC09AD00912AA1 /* OrderedCollections */ = {
			isa = XCSwiftPackageProductDependency;
			package = E252660629DC09AD00912AA1 /* XCRemoteSwiftPackageReference "swift-collections" */;
			productName = OrderedCollections;
		};
		E2A40B5C29D4D5FE00860129 /* SDWebImage */ = {
			isa = XCSwiftPackageProductDependency;
			package = E2A40B5B29D4D5FE00860129 /* XCRemoteSwiftPackageReference "SDWebImage" */;
			productName = SDWebImage;
		};
/* End XCSwiftPackageProductDependency section */
	};
	rootObject = E20BACDC29D1CF550097564A /* Project object */;
}
